
Microsoft Visual Studio Solution File, Format Version 12.00
# Visual Studio Version 16
VisualStudioVersion = 16.0.30330.147
MinimumVisualStudioVersion = 10.0.40219.1
Project("{9A19103F-16F7-4668-BE54-9A1E7A4F7556}") = "Generator", "Generator.csproj", "{743F4922-1E92-4EF9-BEF7-DB0B45822359}"
EndProject
Project("{FAE04EC0-301F-11D3-BF4B-00C04F79EFBC}") = "GeneratorTester", "..\GeneratorTester\GeneratorTester.csproj", "{53524112-0049-410F-93BF-B04D89875B94}"
EndProject
Global
	GlobalSection(SolutionConfigurationPlatforms) = preSolution
		Debug|Any CPU = Debug|Any CPU
		Release|Any CPU = Release|Any CPU
	EndGlobalSection
	GlobalSection(ProjectConfigurationPlatforms) = postSolution
		{743F4922-1E92-4EF9-BEF7-DB0B45822359}.Debug|Any CPU.ActiveCfg = Debug|Any CPU
		{743F4922-1E92-4EF9-BEF7-DB0B45822359}.Debug|Any CPU.Build.0 = Debug|Any CPU
		{743F4922-1E92-4EF9-BEF7-DB0B45822359}.Release|Any CPU.ActiveCfg = Release|Any CPU
		{743F4922-1E92-4EF9-BEF7-DB0B45822359}.Release|Any CPU.Build.0 = Release|Any CPU
		{53524112-0049-410F-93BF-B04D89875B94}.Debug|Any CPU.ActiveCfg = Debug|Any CPU
		{53524112-0049-410F-93BF-B04D89875B94}.Debug|Any CPU.Build.0 = Debug|Any CPU
		{53524112-0049-410F-93BF-B04D89875B94}.Release|Any CPU.ActiveCfg = Release|Any CPU
		{53524112-0049-410F-93BF-B04D89875B94}.Release|Any CPU.Build.0 = Release|Any CPU
	EndGlobalSection
	GlobalSection(SolutionProperties) = preSolution
		HideSolutionNode = FALSE
	EndGlobalSection
	GlobalSection(ExtensibilityGlobals) = postSolution
		SolutionGuid = {D0658EFF-635C-49E7-8BF5-02EF28666244}
	EndGlobalSection
EndGlobal
